
Microsoft Visual Studio Solution File, Format Version 12.00
# Visual Studio 15
VisualStudioVersion = 15.0.28307.2092
MinimumVisualStudioVersion = 10.0.40219.1
Project("{8BC9CEB8-8B4A-11D0-8D11-00A0C91BC942}") = "HW4-1", "HW4-1\HW4-1.vcxproj", "{7B4B10B9-2670-402E-89DF-DAC58D8793B1}"
EndProject
Global
	GlobalSection(SolutionConfigurationPlatforms) = preSolution
		Debug|x64 = Debug|x64
		Debug|x86 = Debug|x86
		Release|x64 = Release|x64
		Release|x86 = Release|x86
	EndGlobalSection
	GlobalSection(ProjectConfigurationPlatforms) = postSolution
		{7B4B10B9-2670-402E-89DF-DAC58D8793B1}.Debug|x64.ActiveCfg = Debug|x64
		{7B4B10B9-2670-402E-89DF-DAC58D8793B1}.Debug|x64.Build.0 = Debug|x64
		{7B4B10B9-2670-402E-89DF-DAC58D8793B1}.Debug|x86.ActiveCfg = Debug|Win32
		{7B4B10B9-2670-402E-89DF-DAC58D8793B1}.Debug|x86.Build.0 = Debug|Win32
		{7B4B10B9-2670-402E-89DF-DAC58D8793B1}.Release|x64.ActiveCfg = Release|x64
		{7B4B10B9-2670-402E-89DF-DAC58D8793B1}.Release|x64.Build.0 = Release|x64
		{7B4B10B9-2670-402E-89DF-DAC58D8793B1}.Release|x86.ActiveCfg = Release|Win32
		{7B4B10B9-2670-402E-89DF-DAC58D8793B1}.Release|x86.Build.0 = Release|Win32
	EndGlobalSection
	GlobalSection(SolutionProperties) = preSolution
		HideSolutionNode = FALSE
	EndGlobalSection
	GlobalSection(ExtensibilityGlobals) = postSolution
		SolutionGuid = {672FC2EE-E2DB-46A7-8E0D-DFEBAEC991D2}
	EndGlobalSection
EndGlobal
